{
  "object": {
    "pins": [
      {
        "package": "CCurl",
        "repositoryURL": "https://github.com/IBM-Swift/CCurl.git",
        "state": {
          "branch": null,
          "revision": "ef7406e8a8e5a8c151840ac9b7d3f64f24441e22",
          "version": "1.1.0"
        }
      }
    ]
  },
  "version": 1
}
